{
  "name": "shamir3pass",
  "version": "2.0.0",
  "lockfileVersion": 1,
  "requires": true,
  "dependencies": {
    "ansuz": {
      "version": "0.0.18",
      "resolved": "file:../../../../code/mn/ansuzjs",
      "integrity": "sha1-wCi0uj5HZZYnHU5V9+U5YTwKj/U=",
      "dev": true
    },
    "cryptomancy-format": {
      "version": "1.0.1",
      "resolved": "https://registry.npmjs.org/cryptomancy-format/-/cryptomancy-format-1.0.1.tgz",
      "integrity": "sha512-GwWLvZlGakiyCx19wW5G7NlgfNmfvYmwPs+bhg7GtKXzT3vS4WcbQdsa6ZiDrmo69xBpGC4i9e6t/hScf/9E4Q==",
      "requires": {
        "hex-array": "^1.0.0",
        "jsbn": "^1.1.0",
        "proquint": "0.0.1",
        "tweetnacl-util": "^0.15.0"
      }
    },
    "cryptomancy-prime": {
      "version": "1.0.1",
      "resolved": "https://registry.npmjs.org/cryptomancy-prime/-/cryptomancy-prime-1.0.1.tgz",
      "integrity": "sha512-ze+CBWA5fiLmHcnoSpskuY/4NILBvvyA08iOIlM5kyUIk3sv5okYOhbRxO2cdWmK9g7nYJcQW9gdKeZv44oJTg==",
      "requires": {
        "jsbn": "^1.1.0"
      }
    },
    "hex-array": {
      "version": "1.0.0",
      "resolved": "https://registry.npmjs.org/hex-array/-/hex-array-1.0.0.tgz",
      "integrity": "sha1-5cJO6gOD8tnoSR8ugVvaDOAiM64="
    },
    "jsbn": {
      "version": "1.1.0",
      "resolved": "https://registry.npmjs.org/jsbn/-/jsbn-1.1.0.tgz",
      "integrity": "sha1-sBMHyym2GKHtJux56RH4A8TaAEA="
    },
    "proquint": {
      "version": "0.0.1",
      "resolved": "https://registry.npmjs.org/proquint/-/proquint-0.0.1.tgz",
      "integrity": "sha1-t5FI5cDcjmEDPeGrcInjH8CHWQY="
    },
    "tweetnacl": {
      "version": "1.0.0",
      "resolved": "https://registry.npmjs.org/tweetnacl/-/tweetnacl-1.0.0.tgz",
      "integrity": "sha1-cT2LgY2kIGh0C/aDhtBHnmb8ins="
    },
    "tweetnacl-util": {
      "version": "0.15.0",
      "resolved": "https://registry.npmjs.org/tweetnacl-util/-/tweetnacl-util-0.15.0.tgz",
      "integrity": "sha1-RXbBzuXi1j0gf+5S8boCgZSAvHU="
    }
  }
}
